# THIS IS AN AUTOGENERATED FILE. DO NOT EDIT THIS FILE DIRECTLY.
# yarn lockfile v1


"@types/d3-array@^1":
  version "1.2.7"
  resolved "https://registry.yarnpkg.com/@types/d3-array/-/d3-array-1.2.7.tgz#34dc654d34fc058c41c31dbca1ed68071a8fcc17"

"@types/d3-axis@*":
  version "1.0.12"
  resolved "https://registry.yarnpkg.com/@types/d3-axis/-/d3-axis-1.0.12.tgz#8c124edfcc02f3b3a9cdaa2a28b8a20341401799"
  dependencies:
    "@types/d3-selection" "*"

"@types/d3-brush@*":
  version "1.1.1"
  resolved "https://registry.yarnpkg.com/@types/d3-brush/-/d3-brush-1.1.1.tgz#906875ce42db22fc9cde6d1fb2808f17ecd2ea93"
  dependencies:
    "@types/d3-selection" "*"

"@types/d3-chord@*":
  version "1.0.9"
  resolved "https://registry.yarnpkg.com/@types/d3-chord/-/d3-chord-1.0.9.tgz#ccc5de03ff079025491b7aa6b750670a140b45ae"

"@types/d3-collection@*":
  version "1.0.8"
  resolved "https://registry.yarnpkg.com/@types/d3-collection/-/d3-collection-1.0.8.tgz#aa9552c570a96e33c132e0fd20e331f64baa9dd5"

"@types/d3-color@*":
  version "1.2.2"
  resolved "https://registry.yarnpkg.com/@types/d3-color/-/d3-color-1.2.2.tgz#80cf7cfff7401587b8f89307ba36fe4a576bc7cf"

"@types/d3-dispatch@*":
  version "1.0.8"
  resolved "https://registry.yarnpkg.com/@types/d3-dispatch/-/d3-dispatch-1.0.8.tgz#eaeb2ad089d6a0d2685dfa2f2cbbfb7509aae014"

"@types/d3-drag@*":
  version "1.2.3"
  resolved "https://registry.yarnpkg.com/@types/d3-drag/-/d3-drag-1.2.3.tgz#d8ddccca28e939e9c689bea6f40a937e48c39051"
  dependencies:
    "@types/d3-selection" "*"

"@types/d3-dsv@*":
  version "1.0.36"
  resolved "https://registry.yarnpkg.com/@types/d3-dsv/-/d3-dsv-1.0.36.tgz#e91129d7c02b1b814838d001e921e8b9a67153d0"

"@types/d3-ease@*":
  version "1.0.9"
  resolved "https://registry.yarnpkg.com/@types/d3-ease/-/d3-ease-1.0.9.tgz#1dd849bd7edef6426e915e220ed9970db5ea4e04"

"@types/d3-force@*":
  version "1.2.1"
  resolved "https://registry.yarnpkg.com/@types/d3-force/-/d3-force-1.2.1.tgz#c28803ea36fe29788db69efa0ad6c2dc09544e83"

"@types/d3-format@*":
  version "1.3.1"
  resolved "https://registry.yarnpkg.com/@types/d3-format/-/d3-format-1.3.1.tgz#35bf88264bd6bcda39251165bb827f67879c4384"

"@types/d3-geo@*", "@types/d3-geo@^1.9.3":
  version "1.11.1"
  resolved "https://registry.yarnpkg.com/@types/d3-geo/-/d3-geo-1.11.1.tgz#e96ec91f16221d87507fec66b2cc889f52d2493e"
  dependencies:
    "@types/geojson" "*"

"@types/d3-hierarchy@*":
  version "1.1.6"
  resolved "https://registry.yarnpkg.com/@types/d3-hierarchy/-/d3-hierarchy-1.1.6.tgz#4c017521900813ea524c9ecb8d7985ec26a9ad9a"

"@types/d3-interpolate@*":
  version "1.3.1"
  resolved "https://registry.yarnpkg.com/@types/d3-interpolate/-/d3-interpolate-1.3.1.tgz#1c280511f622de9b0b47d463fa55f9a4fd6f5fc8"
  dependencies:
    "@types/d3-color" "*"

"@types/d3-path@*":
  version "1.0.8"
  resolved "https://registry.yarnpkg.com/@types/d3-path/-/d3-path-1.0.8.tgz#48e6945a8ff43ee0a1ce85c8cfa2337de85c7c79"

"@types/d3-polygon@*":
  version "1.0.7"
  resolved "https://registry.yarnpkg.com/@types/d3-polygon/-/d3-polygon-1.0.7.tgz#7b3947aa2d48287ff535230d3d396668ab17bfdf"

"@types/d3-quadtree@*":
  version "1.0.7"
  resolved "https://registry.yarnpkg.com/@types/d3-quadtree/-/d3-quadtree-1.0.7.tgz#8e29464ff5b326f6612c1428d9362b4b35de2b70"

"@types/d3-queue@*":
  version "3.0.8"
  resolved "https://registry.yarnpkg.com/@types/d3-queue/-/d3-queue-3.0.8.tgz#fad6212f14f34a549fc67144e354f032fb25a447"

"@types/d3-random@*":
  version "1.1.2"
  resolved "https://registry.yarnpkg.com/@types/d3-random/-/d3-random-1.1.2.tgz#6f77e8b7bb64ac393f92d33fe8f71038bc4f3cde"

"@types/d3-request@*":
  version "1.0.5"
  resolved "https://registry.yarnpkg.com/@types/d3-request/-/d3-request-1.0.5.tgz#a2717ab95cd1e504662f52802aff1476af38cce4"
  dependencies:
    "@types/d3-dsv" "*"

"@types/d3-scale@^1":
  version "1.0.14"
  resolved "https://registry.yarnpkg.com/@types/d3-scale/-/d3-scale-1.0.14.tgz#4544e4eb61e3712dacaba9dd8910e745bb7a9840"
  dependencies:
    "@types/d3-time" "*"

"@types/d3-selection@*":
  version "1.4.2"
  resolved "https://registry.yarnpkg.com/@types/d3-selection/-/d3-selection-1.4.2.tgz#72dcd61a3aeb9ce3e8d443e3bef7685ffea3413f"

"@types/d3-shape@*":
  version "1.3.2"
  resolved "https://registry.yarnpkg.com/@types/d3-shape/-/d3-shape-1.3.2.tgz#a41d9d6b10d02e221696b240caf0b5d0f5a588ec"
  dependencies:
    "@types/d3-path" "*"

"@types/d3-time-format@*":
  version "2.1.1"
  resolved "https://registry.yarnpkg.com/@types/d3-time-format/-/d3-time-format-2.1.1.tgz#dd2c79ec4575f1355484ab6b10407824668eba42"

"@types/d3-time@*":
  version "1.0.10"
  resolved "https://registry.yarnpkg.com/@types/d3-time/-/d3-time-1.0.10.tgz#d338c7feac93a98a32aac875d1100f92c7b61f4f"

"@types/d3-timer@*":
  version "1.0.9"
  resolved "https://registry.yarnpkg.com/@types/d3-timer/-/d3-timer-1.0.9.tgz#aed1bde0cf18920d33f5d44839d73de393633fd3"

"@types/d3-transition@*":
  version "1.1.6"
  resolved "https://registry.yarnpkg.com/@types/d3-transition/-/d3-transition-1.1.6.tgz#7e52da29749d874866cc803fad13925713a372da"
  dependencies:
    "@types/d3-selection" "*"

"@types/d3-voronoi@*":
  version "1.1.9"
  resolved "https://registry.yarnpkg.com/@types/d3-voronoi/-/d3-voronoi-1.1.9.tgz#7bbc210818a3a5c5e0bafb051420df206617c9e5"

"@types/d3-zoom@*":
  version "1.7.4"
  resolved "https://registry.yarnpkg.com/@types/d3-zoom/-/d3-zoom-1.7.4.tgz#9226ffd2bd3846ec0e4a4e2bff211612d3aafad5"
  dependencies:
    "@types/d3-interpolate" "*"
    "@types/d3-selection" "*"

"@types/d3@^4.11.1":
  version "4.13.2"
  resolved "https://registry.yarnpkg.com/@types/d3/-/d3-4.13.2.tgz#c3db6ed6f6b07dde404fc3f43ee463ef5207ec8f"
  dependencies:
    "@types/d3-array" "^1"
    "@types/d3-axis" "*"
    "@types/d3-brush" "*"
    "@types/d3-chord" "*"
    "@types/d3-collection" "*"
    "@types/d3-color" "*"
    "@types/d3-dispatch" "*"
    "@types/d3-drag" "*"
    "@types/d3-dsv" "*"
    "@types/d3-ease" "*"
    "@types/d3-force" "*"
    "@types/d3-format" "*"
    "@types/d3-geo" "*"
    "@types/d3-hierarchy" "*"
    "@types/d3-interpolate" "*"
    "@types/d3-path" "*"
    "@types/d3-polygon" "*"
    "@types/d3-quadtree" "*"
    "@types/d3-queue" "*"
    "@types/d3-random" "*"
    "@types/d3-request" "*"
    "@types/d3-scale" "^1"
    "@types/d3-selection" "*"
    "@types/d3-shape" "*"
    "@types/d3-time" "*"
    "@types/d3-time-format" "*"
    "@types/d3-timer" "*"
    "@types/d3-transition" "*"
    "@types/d3-voronoi" "*"
    "@types/d3-zoom" "*"

"@types/geojson@*":
  version "7946.0.7"
  resolved "https://registry.yarnpkg.com/@types/geojson/-/geojson-7946.0.7.tgz#c8fa532b60a0042219cdf173ca21a975ef0666ad"

"@types/lodash@^4.14.85":
  version "4.14.157"
  resolved "https://registry.yarnpkg.com/@types/lodash/-/lodash-4.14.157.tgz#fdac1c52448861dfde1a2e1515dbc46e54926dc8"

"@types/whatwg-fetch@0.0.33":
  version "0.0.33"
  resolved "https://registry.yarnpkg.com/@types/whatwg-fetch/-/whatwg-fetch-0.0.33.tgz#19c0d2863c8cb2380f21a1c736b79cbf7895bb13"
  dependencies:
    "@types/whatwg-streams" "*"

"@types/whatwg-streams@*":
  version "3.2.1"
  resolved "https://registry.yarnpkg.com/@types/whatwg-streams/-/whatwg-streams-3.2.1.tgz#225009a823e8b44be12569a24e60374ccdabe29e"
  dependencies:
    whatwg-streams "*"

bluebird@~1.0.0:
  version "1.0.8"
  resolved "https://registry.yarnpkg.com/bluebird/-/bluebird-1.0.8.tgz#851c7825e6cce59e4b43dde95d574b88675463fc"

commander@2:
  version "2.11.0"
  resolved "https://registry.yarnpkg.com/commander/-/commander-2.11.0.tgz#157152fd1e7a6c8d98a5b715cf376df928004563"

d3-array@1, d3-array@1.2.0, d3-array@^1.2.0:
  version "1.2.0"
  resolved "https://registry.yarnpkg.com/d3-array/-/d3-array-1.2.0.tgz#147d269720e174c4057a7f42be8b0f3f2ba53108"

d3-axis@1.0.8:
  version "1.0.8"
  resolved "https://registry.yarnpkg.com/d3-axis/-/d3-axis-1.0.8.tgz#31a705a0b535e65759de14173a31933137f18efa"

d3-brush@1.0.4:
  version "1.0.4"
  resolved "https://registry.yarnpkg.com/d3-brush/-/d3-brush-1.0.4.tgz#00c2f238019f24f6c0a194a26d41a1530ffe7bc4"
  dependencies:
    d3-dispatch "1"
    d3-drag "1"
    d3-interpolate "1"
    d3-selection "1"
    d3-transition "1"

d3-chord@1.0.4:
  version "1.0.4"
  resolved "https://registry.yarnpkg.com/d3-chord/-/d3-chord-1.0.4.tgz#7dec4f0ba886f713fe111c45f763414f6f74ca2c"
  dependencies:
    d3-array "1"
    d3-path "1"

d3-collection@1, d3-collection@1.0.4:
  version "1.0.4"
  resolved "https://registry.yarnpkg.com/d3-collection/-/d3-collection-1.0.4.tgz#342dfd12837c90974f33f1cc0a785aea570dcdc2"

d3-color@1, d3-color@1.0.3:
  version "1.0.3"
  resolved "https://registry.yarnpkg.com/d3-color/-/d3-color-1.0.3.tgz#bc7643fca8e53a8347e2fbdaffa236796b58509b"

d3-dispatch@1, d3-dispatch@1.0.3:
  version "1.0.3"
  resolved "https://registry.yarnpkg.com/d3-dispatch/-/d3-dispatch-1.0.3.tgz#46e1491eaa9b58c358fce5be4e8bed626e7871f8"

d3-drag@1, d3-drag@1.1.1:
  version "1.1.1"
  resolved "https://registry.yarnpkg.com/d3-drag/-/d3-drag-1.1.1.tgz#b5155304433b18ba38726b2184d0098e820dc64b"
  dependencies:
    d3-dispatch "1"
    d3-selection "1"

d3-dsv@1, d3-dsv@1.0.5:
  version "1.0.5"
  resolved "https://registry.yarnpkg.com/d3-dsv/-/d3-dsv-1.0.5.tgz#419f7db47f628789fc3fdb636e678449d0821136"
  dependencies:
    commander "2"
    iconv-lite "0.4"
    rw "1"

d3-ease@1, d3-ease@1.0.3:
  version "1.0.3"
  resolved "https://registry.yarnpkg.com/d3-ease/-/d3-ease-1.0.3.tgz#68bfbc349338a380c44d8acc4fbc3304aa2d8c0e"

d3-force@1.0.6:
  version "1.0.6"
  resolved "https://registry.yarnpkg.com/d3-force/-/d3-force-1.0.6.tgz#ea7e1b7730e2664cd314f594d6718c57cc132b79"
  dependencies:
    d3-collection "1"
    d3-dispatch "1"
    d3-quadtree "1"
    d3-timer "1"

d3-format@1, d3-format@1.2.0:
  version "1.2.0"
  resolved "https://registry.yarnpkg.com/d3-format/-/d3-format-1.2.0.tgz#6b480baa886885d4651dc248a8f4ac9da16db07a"

d3-geo-projection@^2.3.1:
  version "2.9.0"
  resolved "https://registry.yarnpkg.com/d3-geo-projection/-/d3-geo-projection-2.9.0.tgz#826db62f748e8ecd67cd00aced4c26a236ec030c"
  dependencies:
    commander "2"
    d3-array "1"
    d3-geo "^1.12.0"
    resolve "^1.1.10"

d3-geo@1.6.4:
  version "1.6.4"
  resolved "https://registry.yarnpkg.com/d3-geo/-/d3-geo-1.6.4.tgz#f20e1e461cb1845f5a8be55ab6f876542a7e3199"
  dependencies:
    d3-array "1"

d3-geo@^1.12.0, d3-geo@^1.9.0:
  version "1.12.1"
  resolved "https://registry.yarnpkg.com/d3-geo/-/d3-geo-1.12.1.tgz#7fc2ab7414b72e59fbcbd603e80d9adc029b035f"
  dependencies:
    d3-array "1"

d3-hierarchy@1.1.5:
  version "1.1.5"
  resolved "https://registry.yarnpkg.com/d3-hierarchy/-/d3-hierarchy-1.1.5.tgz#a1c845c42f84a206bcf1c01c01098ea4ddaa7a26"

d3-interpolate@1, d3-interpolate@1.1.5:
  version "1.1.5"
  resolved "https://registry.yarnpkg.com/d3-interpolate/-/d3-interpolate-1.1.5.tgz#69e099ff39214716e563c9aec3ea9d1ea4b8a79f"
  dependencies:
    d3-color "1"

d3-path@1, d3-path@1.0.5:
  version "1.0.5"
  resolved "https://registry.yarnpkg.com/d3-path/-/d3-path-1.0.5.tgz#241eb1849bd9e9e8021c0d0a799f8a0e8e441764"

d3-polygon@1.0.3:
  version "1.0.3"
  resolved "https://registry.yarnpkg.com/d3-polygon/-/d3-polygon-1.0.3.tgz#16888e9026460933f2b179652ad378224d382c62"

d3-quadtree@1, d3-quadtree@1.0.3:
  version "1.0.3"
  resolved "https://registry.yarnpkg.com/d3-quadtree/-/d3-quadtree-1.0.3.tgz#ac7987e3e23fe805a990f28e1b50d38fcb822438"

d3-queue@3.0.7, d3-queue@^3.0.7:
  version "3.0.7"
  resolved "https://registry.yarnpkg.com/d3-queue/-/d3-queue-3.0.7.tgz#c93a2e54b417c0959129d7d73f6cf7d4292e7618"

d3-random@1.1.0:
  version "1.1.0"
  resolved "https://registry.yarnpkg.com/d3-random/-/d3-random-1.1.0.tgz#6642e506c6fa3a648595d2b2469788a8d12529d3"

d3-request@1.0.5:
  version "1.0.5"
  resolved "https://registry.yarnpkg.com/d3-request/-/d3-request-1.0.5.tgz#4daae946d1dd0d57dfe01f022956354958d51f23"
  dependencies:
    d3-collection "1"
    d3-dispatch "1"
    d3-dsv "1"
    xmlhttprequest "1"

d3-scale@1.0.6:
  version "1.0.6"
  resolved "https://registry.yarnpkg.com/d3-scale/-/d3-scale-1.0.6.tgz#bce19da80d3a0cf422c9543ae3322086220b34ed"
  dependencies:
    d3-array "^1.2.0"
    d3-collection "1"
    d3-color "1"
    d3-format "1"
    d3-interpolate "1"
    d3-time "1"
    d3-time-format "2"

d3-selection@1, d3-selection@1.1.0, d3-selection@^1.1.0:
  version "1.1.0"
  resolved "https://registry.yarnpkg.com/d3-selection/-/d3-selection-1.1.0.tgz#1998684896488f839ca0372123da34f1d318809c"

d3-shape@1.2.0:
  version "1.2.0"
  resolved "https://registry.yarnpkg.com/d3-shape/-/d3-shape-1.2.0.tgz#45d01538f064bafd05ea3d6d2cb748fd8c41f777"
  dependencies:
    d3-path "1"

d3-time-format@2, d3-time-format@2.0.5:
  version "2.0.5"
  resolved "https://registry.yarnpkg.com/d3-time-format/-/d3-time-format-2.0.5.tgz#9d7780204f7c9119c9170b1a56db4de9a8af972e"
  dependencies:
    d3-time "1"

d3-time@1, d3-time@1.0.7:
  version "1.0.7"
  resolved "https://registry.yarnpkg.com/d3-time/-/d3-time-1.0.7.tgz#94caf6edbb7879bb809d0d1f7572bc48482f7270"

d3-timer@1, d3-timer@1.0.6:
  version "1.0.6"
  resolved "https://registry.yarnpkg.com/d3-timer/-/d3-timer-1.0.6.tgz#4044bf15d7025c06ce7d1149f73cd07b54dbd784"

d3-transition@1, d3-transition@1.1.0:
  version "1.1.0"
  resolved "https://registry.yarnpkg.com/d3-transition/-/d3-transition-1.1.0.tgz#cfc85c74e5239324290546623572990560c3966f"
  dependencies:
    d3-color "1"
    d3-dispatch "1"
    d3-ease "1"
    d3-interpolate "1"
    d3-selection "^1.1.0"
    d3-timer "1"

d3-voronoi@1.1.2:
  version "1.1.2"
  resolved "https://registry.yarnpkg.com/d3-voronoi/-/d3-voronoi-1.1.2.tgz#1687667e8f13a2d158c80c1480c5a29cb0d8973c"

d3-zoom@1.5.0:
  version "1.5.0"
  resolved "https://registry.yarnpkg.com/d3-zoom/-/d3-zoom-1.5.0.tgz#8417de9a077f98f9ce83b1998efb8ee12b4db26e"
  dependencies:
    d3-dispatch "1"
    d3-drag "1"
    d3-interpolate "1"
    d3-selection "1"
    d3-transition "1"

d3@^4.10.0:
  version "4.10.0"
  resolved "https://registry.yarnpkg.com/d3/-/d3-4.10.0.tgz#0bcca3a3b614e2fd45b1b5bd0b9164d57352a862"
  dependencies:
    d3-array "1.2.0"
    d3-axis "1.0.8"
    d3-brush "1.0.4"
    d3-chord "1.0.4"
    d3-collection "1.0.4"
    d3-color "1.0.3"
    d3-dispatch "1.0.3"
    d3-drag "1.1.1"
    d3-dsv "1.0.5"
    d3-ease "1.0.3"
    d3-force "1.0.6"
    d3-format "1.2.0"
    d3-geo "1.6.4"
    d3-hierarchy "1.1.5"
    d3-interpolate "1.1.5"
    d3-path "1.0.5"
    d3-polygon "1.0.3"
    d3-quadtree "1.0.3"
    d3-queue "3.0.7"
    d3-random "1.1.0"
    d3-request "1.0.5"
    d3-scale "1.0.6"
    d3-selection "1.1.0"
    d3-shape "1.2.0"
    d3-time "1.0.7"
    d3-time-format "2.0.5"
    d3-timer "1.0.6"
    d3-transition "1.1.0"
    d3-voronoi "1.1.2"
    d3-zoom "1.5.0"

deep-equal@~0.1.0:
  version "0.1.2"
  resolved "https://registry.yarnpkg.com/deep-equal/-/deep-equal-0.1.2.tgz#b246c2b80a570a47c11be1d9bd1070ec878b87ce"

defined@~0.0.0:
  version "0.0.0"
  resolved "https://registry.yarnpkg.com/defined/-/defined-0.0.0.tgz#f35eea7d705e933baf13b2f03b3f83d921403b3e"

iconv-lite@0.4:
  version "0.4.18"
  resolved "https://registry.yarnpkg.com/iconv-lite/-/iconv-lite-0.4.18.tgz#23d8656b16aae6742ac29732ea8f0336a4789cf2"

inherits@~2.0.1:
  version "2.0.4"
  resolved "https://registry.yarnpkg.com/inherits/-/inherits-2.0.4.tgz#0fa2c64f932917c3433a0ded55363aae37416b7c"

jsonify@~0.0.0:
  version "0.0.0"
  resolved "https://registry.yarnpkg.com/jsonify/-/jsonify-0.0.0.tgz#2c74b6ee41d93ca51b7b5aaee8f503631d252a73"

lodash@^4.17.19:
  version "4.17.19"
  resolved "https://registry.yarnpkg.com/lodash/-/lodash-4.17.19.tgz#e48ddedbe30b3321783c5b4301fbd353bc1e4a4b"

path-parse@^1.0.6:
  version "1.0.6"
  resolved "https://registry.yarnpkg.com/path-parse/-/path-parse-1.0.6.tgz#d62dbb5679405d72c4737ec58600e9ddcf06d24c"

resolve@^1.1.10:
  version "1.17.0"
  resolved "https://registry.yarnpkg.com/resolve/-/resolve-1.17.0.tgz#b25941b54968231cc2d1bb76a79cb7f2c0bf8444"
  dependencies:
    path-parse "^1.0.6"

resumer@~0.0.0:
  version "0.0.0"
  resolved "https://registry.yarnpkg.com/resumer/-/resumer-0.0.0.tgz#f1e8f461e4064ba39e82af3cdc2a8c893d076759"
  dependencies:
    through "~2.3.4"

rw@1:
  version "1.3.3"
  resolved "https://registry.yarnpkg.com/rw/-/rw-1.3.3.tgz#3f862dfa91ab766b14885ef4d01124bfda074fb4"

tape@~2.3.2:
  version "2.3.3"
  resolved "https://registry.yarnpkg.com/tape/-/tape-2.3.3.tgz#2e7ce0a31df09f8d6851664a71842e0ca5057af7"
  dependencies:
    deep-equal "~0.1.0"
    defined "~0.0.0"
    inherits "~2.0.1"
    jsonify "~0.0.0"
    resumer "~0.0.0"
    through "~2.3.4"

through@~2.3.4:
  version "2.3.8"
  resolved "https://registry.yarnpkg.com/through/-/through-2.3.8.tgz#0dd4c9ffaabc357960b1b724115d7e0e86a2e1f5"

whatwg-fetch@^2.0.3:
  version "2.0.4"
  resolved "https://registry.yarnpkg.com/whatwg-fetch/-/whatwg-fetch-2.0.4.tgz#dde6a5df315f9d39991aa17621853d720b85566f"

whatwg-streams@*:
  version "0.1.1"
  resolved "https://registry.yarnpkg.com/whatwg-streams/-/whatwg-streams-0.1.1.tgz#dd5575c965bce13da76dc0dd495629a87572e74e"
  dependencies:
    bluebird "~1.0.0"
    tape "~2.3.2"

xmlhttprequest@1:
  version "1.8.0"
  resolved "https://registry.yarnpkg.com/xmlhttprequest/-/xmlhttprequest-1.8.0.tgz#67fe075c5c24fef39f9d65f5f7b7fe75171968fc"
